
Microsoft Visual Studio Solution File, Format Version 12.00
# Visual Studio Version 17
VisualStudioVersion = 17.7.34202.233
MinimumVisualStudioVersion = 10.0.40219.1
Project("{FAE04EC0-301F-11D3-BF4B-00C04F79EFBC}") = "GetFilePath", "GetFilePath\GetFilePath.csproj", "{EDAB9851-8B8B-438F-9C01-B1585D92534C}"
EndProject
Global
	GlobalSection(SolutionConfigurationPlatforms) = preSolution
		Debug|Any CPU = Debug|Any CPU
		Release|Any CPU = Release|Any CPU
	EndGlobalSection
	GlobalSection(ProjectConfigurationPlatforms) = postSolution
		{EDAB9851-8B8B-438F-9C01-B1585D92534C}.Debug|Any CPU.ActiveCfg = Debug|Any CPU
		{EDAB9851-8B8B-438F-9C01-B1585D92534C}.Debug|Any CPU.Build.0 = Debug|Any CPU
		{EDAB9851-8B8B-438F-9C01-B1585D92534C}.Release|Any CPU.ActiveCfg = Release|Any CPU
		{EDAB9851-8B8B-438F-9C01-B1585D92534C}.Release|Any CPU.Build.0 = Release|Any CPU
	EndGlobalSection
	GlobalSection(SolutionProperties) = preSolution
		HideSolutionNode = FALSE
	EndGlobalSection
	GlobalSection(ExtensibilityGlobals) = postSolution
		SolutionGuid = {6D7F3DCB-D687-4E66-8D02-63D05E8EEF9F}
	EndGlobalSection
EndGlobal
